
Microsoft Visual Studio Solution File, Format Version 12.00
# Visual Studio Version 16
VisualStudioVersion = 16.0.31911.196
MinimumVisualStudioVersion = 10.0.40219.1
Project("{FAE04EC0-301F-11D3-BF4B-00C04F79EFBC}") = "CSrepro", "CSrepro\CSrepro.csproj", "{BFF38A1E-3A62-4500-8A45-EFB6A270F9F1}"
EndProject
Global
	GlobalSection(SolutionConfigurationPlatforms) = preSolution
		Debug|Any CPU = Debug|Any CPU
		Release|Any CPU = Release|Any CPU
	EndGlobalSection
	GlobalSection(ProjectConfigurationPlatforms) = postSolution
		{BFF38A1E-3A62-4500-8A45-EFB6A270F9F1}.Debug|Any CPU.ActiveCfg = Debug|Any CPU
		{BFF38A1E-3A62-4500-8A45-EFB6A270F9F1}.Debug|Any CPU.Build.0 = Debug|Any CPU
		{BFF38A1E-3A62-4500-8A45-EFB6A270F9F1}.Release|Any CPU.ActiveCfg = Release|Any CPU
		{BFF38A1E-3A62-4500-8A45-EFB6A270F9F1}.Release|Any CPU.Build.0 = Release|Any CPU
	EndGlobalSection
	GlobalSection(SolutionProperties) = preSolution
		HideSolutionNode = FALSE
	EndGlobalSection
	GlobalSection(ExtensibilityGlobals) = postSolution
		SolutionGuid = {64E8B29D-AAE6-45C2-8C9B-DA131704F97E}
	EndGlobalSection
EndGlobal
